
Microsoft Visual Studio Solution File, Format Version 12.00
# Visual Studio Version 16
VisualStudioVersion = 16.0.29519.87
MinimumVisualStudioVersion = 10.0.40219.1
Project("{9A19103F-16F7-4668-BE54-9A1E7A4F7556}") = "PersonalBlog.App", "src\PersonalBlog.App\PersonalBlog.App.csproj", "{AFE48CF2-40A7-4BEE-9882-F53C82861B8F}"
EndProject
Global
	GlobalSection(SolutionConfigurationPlatforms) = preSolution
		Debug|Any CPU = Debug|Any CPU
		Release|Any CPU = Release|Any CPU
	EndGlobalSection
	GlobalSection(ProjectConfigurationPlatforms) = postSolution
		{AFE48CF2-40A7-4BEE-9882-F53C82861B8F}.Debug|Any CPU.ActiveCfg = Debug|Any CPU
		{AFE48CF2-40A7-4BEE-9882-F53C82861B8F}.Debug|Any CPU.Build.0 = Debug|Any CPU
		{AFE48CF2-40A7-4BEE-9882-F53C82861B8F}.Release|Any CPU.ActiveCfg = Release|Any CPU
		{AFE48CF2-40A7-4BEE-9882-F53C82861B8F}.Release|Any CPU.Build.0 = Release|Any CPU
	EndGlobalSection
	GlobalSection(SolutionProperties) = preSolution
		HideSolutionNode = FALSE
	EndGlobalSection
	GlobalSection(ExtensibilityGlobals) = postSolution
		SolutionGuid = {6E007268-3AE4-4793-9C22-40AF131EA72E}
	EndGlobalSection
EndGlobal
